# @generated - this file is auto-generated by `mise lock` https://mise.en.dev/dev-tools/mise-lock.html

[[tools.actionlint]]
version = "1.7.12"
backend = "aqua:rhysd/actionlint"

[tools.actionlint."platforms.linux-arm64"]
checksum = "sha256:325e971b6ba9bfa504672e29be93c24981eeb1c07576d730e9f7c8805afff0c6"
url = "https://github.com/rhysd/actionlint/releases/download/v1.7.12/actionlint_1.7.12_linux_arm64.tar.gz"
provenance = "github-attestations"

[tools.actionlint."platforms.linux-arm64-musl"]
checksum = "sha256:325e971b6ba9bfa504672e29be93c24981eeb1c07576d730e9f7c8805afff0c6"
url = "https://github.com/rhysd/actionlint/releases/download/v1.7.12/actionlint_1.7.12_linux_arm64.tar.gz"
provenance = "github-attestations"

[tools.actionlint."platforms.linux-x64"]
checksum = "sha256:8aca8db96f1b94770f1b0d72b6dddcb1ebb8123cb3712530b08cc387b349a3d8"
url = "https://github.com/rhysd/actionlint/releases/download/v1.7.12/actionlint_1.7.12_linux_amd64.tar.gz"
provenance = "github-attestations"

[tools.actionlint."platforms.linux-x64-baseline"]
checksum = "sha256:8aca8db96f1b94770f1b0d72b6dddcb1ebb8123cb3712530b08cc387b349a3d8"
url = "https://github.com/rhysd/actionlint/releases/download/v1.7.12/actionlint_1.7.12_linux_amd64.tar.gz"
provenance = "github-attestations"

[tools.actionlint."platforms.linux-x64-musl"]
checksum = "sha256:8aca8db96f1b94770f1b0d72b6dddcb1ebb8123cb3712530b08cc387b349a3d8"
url = "https://github.com/rhysd/actionlint/releases/download/v1.7.12/actionlint_1.7.12_linux_amd64.tar.gz"
provenance = "github-attestations"

[tools.actionlint."platforms.linux-x64-musl-baseline"]
checksum = "sha256:8aca8db96f1b94770f1b0d72b6dddcb1ebb8123cb3712530b08cc387b349a3d8"
url = "https://github.com/rhysd/actionlint/releases/download/v1.7.12/actionlint_1.7.12_linux_amd64.tar.gz"
provenance = "github-attestations"

[tools.actionlint."platforms.macos-arm64"]
checksum = "sha256:aba9ced2dee8d27fecca3dc7feb1a7f9a52caefa1eb46f3271ea66b6e0e6953f"
url = "https://github.com/rhysd/actionlint/releases/download/v1.7.12/actionlint_1.7.12_darwin_arm64.tar.gz"
provenance = "github-attestations"

[tools.actionlint."platforms.macos-x64"]
checksum = "sha256:5b44c3bc2255115c9b69e30efc0fecdf498fdb63c5d58e17084fd5f16324c644"
url = "https://github.com/rhysd/actionlint/releases/download/v1.7.12/actionlint_1.7.12_darwin_amd64.tar.gz"
provenance = "github-attestations"

[tools.actionlint."platforms.macos-x64-baseline"]
checksum = "sha256:5b44c3bc2255115c9b69e30efc0fecdf498fdb63c5d58e17084fd5f16324c644"
url = "https://github.com/rhysd/actionlint/releases/download/v1.7.12/actionlint_1.7.12_darwin_amd64.tar.gz"
provenance = "github-attestations"

[tools.actionlint."platforms.windows-x64"]
checksum = "sha256:6e7241b51e6817ea6a047693d8e6fed13b31819c9a0dd6c5a726e1592d22f6e9"
url = "https://github.com/rhysd/actionlint/releases/download/v1.7.12/actionlint_1.7.12_windows_amd64.zip"
provenance = "github-attestations"

[tools.actionlint."platforms.windows-x64-baseline"]
checksum = "sha256:6e7241b51e6817ea6a047693d8e6fed13b31819c9a0dd6c5a726e1592d22f6e9"
url = "https://github.com/rhysd/actionlint/releases/download/v1.7.12/actionlint_1.7.12_windows_amd64.zip"
provenance = "github-attestations"

[[tools.bun]]
version = "1.3.13"
backend = "core:bun"

[tools.bun."platforms.linux-arm64"]
checksum = "sha256:70bae41b3908b0a120e1e58c5c8af30e74afae3b8d11b0d3fdd8e787ddfb4b22"
url = "https://github.com/oven-sh/bun/releases/download/bun-v1.3.13/bun-linux-aarch64.zip"

[tools.bun."platforms.linux-arm64-musl"]
checksum = "sha256:5385e978107ce4934298d8d6afe9bfbb898683f6cc23e6753a0da60bc60c5b81"
url = "https://github.com/oven-sh/bun/releases/download/bun-v1.3.13/bun-linux-aarch64-musl.zip"

[tools.bun."platforms.linux-x64"]
checksum = "sha256:79c0771fa8b92c33aae41e15a0e0d307ea99d0e2f00317c71c6c53237a78e25a"
url = "https://github.com/oven-sh/bun/releases/download/bun-v1.3.13/bun-linux-x64.zip"

[tools.bun."platforms.linux-x64-baseline"]
checksum = "sha256:9d8a24292a7068090205daac0a5a223f5f69736f5287e37bf88d3b4031edc750"
url = "https://github.com/oven-sh/bun/releases/download/bun-v1.3.13/bun-linux-x64-baseline.zip"

[tools.bun."platforms.linux-x64-musl"]
checksum = "sha256:5b91a48f0b00df9fd2da8bff1a795d2659d842da966432969203f25da19d1c74"
url = "https://github.com/oven-sh/bun/releases/download/bun-v1.3.13/bun-linux-x64-musl.zip"

[tools.bun."platforms.linux-x64-musl-baseline"]
checksum = "sha256:88ca7c7ad235b498f549eea2f770f434e9f0f5e9ba95168a2d3a1f235184c394"
url = "https://github.com/oven-sh/bun/releases/download/bun-v1.3.13/bun-linux-x64-musl-baseline.zip"

[tools.bun."platforms.macos-arm64"]
checksum = "sha256:5467e3f65dba526b9fea98f0cce04efafc0c63e169733ec27b876a3ad32da190"
url = "https://github.com/oven-sh/bun/releases/download/bun-v1.3.13/bun-darwin-aarch64.zip"

[tools.bun."platforms.macos-x64"]
checksum = "sha256:e5a6c8b64f419925232d111ecb13e25f0abf55e54f792341f987623fd0778009"
url = "https://github.com/oven-sh/bun/releases/download/bun-v1.3.13/bun-darwin-x64.zip"

[tools.bun."platforms.macos-x64-baseline"]
checksum = "sha256:a98ba6a480f22fda9b343626b906a4e26aa53618bf85d2bc5928ecf2ba45f0ed"
url = "https://github.com/oven-sh/bun/releases/download/bun-v1.3.13/bun-darwin-x64-baseline.zip"

[tools.bun."platforms.windows-x64"]
checksum = "sha256:85b14f3e0584218e9b63407b3aa6b90c4835ec5c32435c1f12cb6fc13667c7c9"
url = "https://github.com/oven-sh/bun/releases/download/bun-v1.3.13/bun-windows-x64.zip"

[tools.bun."platforms.windows-x64-baseline"]
checksum = "sha256:c68c7903c1190101590cc1b2129835f47211b3b37ae87759f2b97d6534aa3ad1"
url = "https://github.com/oven-sh/bun/releases/download/bun-v1.3.13/bun-windows-x64-baseline.zip"

[[tools.docker-cli]]
version = "29.4.3"
backend = "aqua:docker/cli"

[tools.docker-cli."platforms.linux-arm64"]
url = "https://download.docker.com/linux/static/stable/aarch64/docker-29.4.3.tgz"

[tools.docker-cli."platforms.linux-arm64-musl"]
url = "https://download.docker.com/linux/static/stable/aarch64/docker-29.4.3.tgz"

[tools.docker-cli."platforms.linux-x64"]
url = "https://download.docker.com/linux/static/stable/x86_64/docker-29.4.3.tgz"

[tools.docker-cli."platforms.linux-x64-baseline"]
url = "https://download.docker.com/linux/static/stable/x86_64/docker-29.4.3.tgz"

[tools.docker-cli."platforms.linux-x64-musl"]
url = "https://download.docker.com/linux/static/stable/x86_64/docker-29.4.3.tgz"

[tools.docker-cli."platforms.linux-x64-musl-baseline"]
url = "https://download.docker.com/linux/static/stable/x86_64/docker-29.4.3.tgz"

[tools.docker-cli."platforms.macos-arm64"]
url = "https://download.docker.com/mac/static/stable/aarch64/docker-29.4.3.tgz"

[tools.docker-cli."platforms.macos-x64"]
url = "https://download.docker.com/mac/static/stable/x86_64/docker-29.4.3.tgz"

[tools.docker-cli."platforms.macos-x64-baseline"]
url = "https://download.docker.com/mac/static/stable/x86_64/docker-29.4.3.tgz"

[tools.docker-cli."platforms.windows-x64"]
url = "https://download.docker.com/win/static/stable/x86_64/docker-29.4.3.zip"

[tools.docker-cli."platforms.windows-x64-baseline"]
url = "https://download.docker.com/win/static/stable/x86_64/docker-29.4.3.zip"

[[tools.docker-compose]]
version = "5.1.3"
backend = "aqua:docker/compose"

[tools.docker-compose."platforms.linux-arm64"]
checksum = "sha256:e8105a3e687ea7e0b0f81abe4bf9269c8a2801fb72c2b498b5ff2472bc54145f"
url = "https://github.com/docker/compose/releases/download/v5.1.3/docker-compose-linux-aarch64"

[tools.docker-compose."platforms.linux-arm64-musl"]
checksum = "sha256:e8105a3e687ea7e0b0f81abe4bf9269c8a2801fb72c2b498b5ff2472bc54145f"
url = "https://github.com/docker/compose/releases/download/v5.1.3/docker-compose-linux-aarch64"

[tools.docker-compose."platforms.linux-x64"]
checksum = "sha256:a0298760c9772d2c06888fc8703a487c94c3c3b0134adeef830742a2fc7647b4"
url = "https://github.com/docker/compose/releases/download/v5.1.3/docker-compose-linux-x86_64"

[tools.docker-compose."platforms.linux-x64-baseline"]
checksum = "sha256:a0298760c9772d2c06888fc8703a487c94c3c3b0134adeef830742a2fc7647b4"
url = "https://github.com/docker/compose/releases/download/v5.1.3/docker-compose-linux-x86_64"

[tools.docker-compose."platforms.linux-x64-musl"]
checksum = "sha256:a0298760c9772d2c06888fc8703a487c94c3c3b0134adeef830742a2fc7647b4"
url = "https://github.com/docker/compose/releases/download/v5.1.3/docker-compose-linux-x86_64"

[tools.docker-compose."platforms.linux-x64-musl-baseline"]
checksum = "sha256:a0298760c9772d2c06888fc8703a487c94c3c3b0134adeef830742a2fc7647b4"
url = "https://github.com/docker/compose/releases/download/v5.1.3/docker-compose-linux-x86_64"

[tools.docker-compose."platforms.macos-arm64"]
checksum = "sha256:b8461a8a53f7e0ce677139516b17661e7ccd54ac4f2dabae03ad79f2f2ae35c6"
url = "https://github.com/docker/compose/releases/download/v5.1.3/docker-compose-darwin-aarch64"

[tools.docker-compose."platforms.macos-x64"]
checksum = "sha256:f11139d9822ce1f3843e16ed6c2e44ba5525423396c82fa22b08874b26abd102"
url = "https://github.com/docker/compose/releases/download/v5.1.3/docker-compose-darwin-x86_64"

[tools.docker-compose."platforms.macos-x64-baseline"]
checksum = "sha256:f11139d9822ce1f3843e16ed6c2e44ba5525423396c82fa22b08874b26abd102"
url = "https://github.com/docker/compose/releases/download/v5.1.3/docker-compose-darwin-x86_64"

[tools.docker-compose."platforms.windows-x64"]
checksum = "sha256:5e6d72612b3165be9fea4ae889435fec76979a9779b6f62f4efee99dd5f41ea1"
url = "https://github.com/docker/compose/releases/download/v5.1.3/docker-compose-windows-x86_64.exe"

[tools.docker-compose."platforms.windows-x64-baseline"]
checksum = "sha256:5e6d72612b3165be9fea4ae889435fec76979a9779b6f62f4efee99dd5f41ea1"
url = "https://github.com/docker/compose/releases/download/v5.1.3/docker-compose-windows-x86_64.exe"

[[tools."gem:rails"]]
version = "8.1.3"
backend = "gem:rails"

[[tools."gem:rubocop"]]
version = "1.86.1"
backend = "gem:rubocop"

[[tools.git-cliff]]
version = "2.13.1"
backend = "aqua:orhun/git-cliff"

[tools.git-cliff."platforms.linux-arm64"]
checksum = "sha256:4054c124b926c117f3fa048939bc8be0a954f29f3b6f367627e8cb22c1971882"
url = "https://github.com/orhun/git-cliff/releases/download/v2.13.1/git-cliff-2.13.1-aarch64-unknown-linux-musl.tar.gz"

[tools.git-cliff."platforms.linux-arm64-musl"]
checksum = "sha256:4054c124b926c117f3fa048939bc8be0a954f29f3b6f367627e8cb22c1971882"
url = "https://github.com/orhun/git-cliff/releases/download/v2.13.1/git-cliff-2.13.1-aarch64-unknown-linux-musl.tar.gz"

[tools.git-cliff."platforms.linux-x64"]
checksum = "sha256:200d2535da6d9703f3bcc8a4d159c3b55eacdb01cf2148c55b3eee9dd04d5249"
url = "https://github.com/orhun/git-cliff/releases/download/v2.13.1/git-cliff-2.13.1-x86_64-unknown-linux-musl.tar.gz"

[tools.git-cliff."platforms.linux-x64-baseline"]
checksum = "sha256:200d2535da6d9703f3bcc8a4d159c3b55eacdb01cf2148c55b3eee9dd04d5249"
url = "https://github.com/orhun/git-cliff/releases/download/v2.13.1/git-cliff-2.13.1-x86_64-unknown-linux-musl.tar.gz"

[tools.git-cliff."platforms.linux-x64-musl"]
checksum = "sha256:200d2535da6d9703f3bcc8a4d159c3b55eacdb01cf2148c55b3eee9dd04d5249"
url = "https://github.com/orhun/git-cliff/releases/download/v2.13.1/git-cliff-2.13.1-x86_64-unknown-linux-musl.tar.gz"

[tools.git-cliff."platforms.linux-x64-musl-baseline"]
checksum = "sha256:200d2535da6d9703f3bcc8a4d159c3b55eacdb01cf2148c55b3eee9dd04d5249"
url = "https://github.com/orhun/git-cliff/releases/download/v2.13.1/git-cliff-2.13.1-x86_64-unknown-linux-musl.tar.gz"

[tools.git-cliff."platforms.macos-arm64"]
checksum = "sha256:21547ae4a0421164070ab75c2522864ea5565858a011fabc5f583061b20f1226"
url = "https://github.com/orhun/git-cliff/releases/download/v2.13.1/git-cliff-2.13.1-aarch64-apple-darwin.tar.gz"

[tools.git-cliff."platforms.macos-x64"]
checksum = "sha256:6e60ae390d375cecb9d8008c49f0e724a8dfe40390b532ef5501e421d2cc8acb"
url = "https://github.com/orhun/git-cliff/releases/download/v2.13.1/git-cliff-2.13.1-x86_64-apple-darwin.tar.gz"

[tools.git-cliff."platforms.macos-x64-baseline"]
checksum = "sha256:6e60ae390d375cecb9d8008c49f0e724a8dfe40390b532ef5501e421d2cc8acb"
url = "https://github.com/orhun/git-cliff/releases/download/v2.13.1/git-cliff-2.13.1-x86_64-apple-darwin.tar.gz"

[tools.git-cliff."platforms.windows-x64"]
checksum = "sha256:3ae3a5549e85c7ad5b20192ebcfee4371269deca51255f6f2f2e051c6541f5ca"
url = "https://github.com/orhun/git-cliff/releases/download/v2.13.1/git-cliff-2.13.1-x86_64-pc-windows-msvc.zip"

[tools.git-cliff."platforms.windows-x64-baseline"]
checksum = "sha256:3ae3a5549e85c7ad5b20192ebcfee4371269deca51255f6f2f2e051c6541f5ca"
url = "https://github.com/orhun/git-cliff/releases/download/v2.13.1/git-cliff-2.13.1-x86_64-pc-windows-msvc.zip"

[[tools.just]]
version = "1.51.0"
backend = "aqua:casey/just"

[tools.just."platforms.linux-arm64"]
checksum = "sha256:ed7ec466b77709198fd4afed253dba0270203ba5eb1c006bee2b0139090284f5"
url = "https://github.com/casey/just/releases/download/1.51.0/just-1.51.0-aarch64-unknown-linux-musl.tar.gz"

[tools.just."platforms.linux-arm64-musl"]
checksum = "sha256:ed7ec466b77709198fd4afed253dba0270203ba5eb1c006bee2b0139090284f5"
url = "https://github.com/casey/just/releases/download/1.51.0/just-1.51.0-aarch64-unknown-linux-musl.tar.gz"

[tools.just."platforms.linux-x64"]
checksum = "sha256:c8f085ca3e885723c341d06243fc291b5abfdc8bbe3b2c076b117de490387b59"
url = "https://github.com/casey/just/releases/download/1.51.0/just-1.51.0-x86_64-unknown-linux-musl.tar.gz"

[tools.just."platforms.linux-x64-baseline"]
checksum = "sha256:c8f085ca3e885723c341d06243fc291b5abfdc8bbe3b2c076b117de490387b59"
url = "https://github.com/casey/just/releases/download/1.51.0/just-1.51.0-x86_64-unknown-linux-musl.tar.gz"

[tools.just."platforms.linux-x64-musl"]
checksum = "sha256:c8f085ca3e885723c341d06243fc291b5abfdc8bbe3b2c076b117de490387b59"
url = "https://github.com/casey/just/releases/download/1.51.0/just-1.51.0-x86_64-unknown-linux-musl.tar.gz"

[tools.just."platforms.linux-x64-musl-baseline"]
checksum = "sha256:c8f085ca3e885723c341d06243fc291b5abfdc8bbe3b2c076b117de490387b59"
url = "https://github.com/casey/just/releases/download/1.51.0/just-1.51.0-x86_64-unknown-linux-musl.tar.gz"

[tools.just."platforms.macos-arm64"]
checksum = "sha256:61e3f1b8a545ff064b091eab4b6e14f8cc743ff15549be293b1e92f5b1467002"
url = "https://github.com/casey/just/releases/download/1.51.0/just-1.51.0-aarch64-apple-darwin.tar.gz"

[tools.just."platforms.macos-x64"]
checksum = "sha256:d583e45f1f9fcdd26069ad2fe3bb9dea414756d8d0752eb9093974cb5c0246f0"
url = "https://github.com/casey/just/releases/download/1.51.0/just-1.51.0-x86_64-apple-darwin.tar.gz"

[tools.just."platforms.macos-x64-baseline"]
checksum = "sha256:d583e45f1f9fcdd26069ad2fe3bb9dea414756d8d0752eb9093974cb5c0246f0"
url = "https://github.com/casey/just/releases/download/1.51.0/just-1.51.0-x86_64-apple-darwin.tar.gz"

[tools.just."platforms.windows-x64"]
checksum = "sha256:09d1138b6845e73f04bff5e26be3f57663bddca25e36fe6241d28a5aa310b64e"
url = "https://github.com/casey/just/releases/download/1.51.0/just-1.51.0-x86_64-pc-windows-msvc.zip"

[tools.just."platforms.windows-x64-baseline"]
checksum = "sha256:09d1138b6845e73f04bff5e26be3f57663bddca25e36fe6241d28a5aa310b64e"
url = "https://github.com/casey/just/releases/download/1.51.0/just-1.51.0-x86_64-pc-windows-msvc.zip"

[[tools.markdownlint-cli2]]
version = "0.22.1"
backend = "npm:markdownlint-cli2"

[[tools.oxlint]]
version = "1.64.0"
backend = "npm:oxlint"

[[tools.pre-commit]]
version = "4.6.0"
backend = "aqua:pre-commit/pre-commit"

[tools.pre-commit."platforms.linux-arm64"]
checksum = "sha256:ea8a0c84902e48c1875558f2f362ed8476773aa5fc8c16c5d8f2acc2a2830a65"
url = "https://github.com/pre-commit/pre-commit/releases/download/v4.6.0/pre-commit-4.6.0.pyz"

[tools.pre-commit."platforms.linux-arm64-musl"]
checksum = "sha256:ea8a0c84902e48c1875558f2f362ed8476773aa5fc8c16c5d8f2acc2a2830a65"
url = "https://github.com/pre-commit/pre-commit/releases/download/v4.6.0/pre-commit-4.6.0.pyz"

[tools.pre-commit."platforms.linux-x64"]
checksum = "sha256:ea8a0c84902e48c1875558f2f362ed8476773aa5fc8c16c5d8f2acc2a2830a65"
url = "https://github.com/pre-commit/pre-commit/releases/download/v4.6.0/pre-commit-4.6.0.pyz"

[tools.pre-commit."platforms.linux-x64-baseline"]
checksum = "sha256:ea8a0c84902e48c1875558f2f362ed8476773aa5fc8c16c5d8f2acc2a2830a65"
url = "https://github.com/pre-commit/pre-commit/releases/download/v4.6.0/pre-commit-4.6.0.pyz"

[tools.pre-commit."platforms.linux-x64-musl"]
checksum = "sha256:ea8a0c84902e48c1875558f2f362ed8476773aa5fc8c16c5d8f2acc2a2830a65"
url = "https://github.com/pre-commit/pre-commit/releases/download/v4.6.0/pre-commit-4.6.0.pyz"

[tools.pre-commit."platforms.linux-x64-musl-baseline"]
checksum = "sha256:ea8a0c84902e48c1875558f2f362ed8476773aa5fc8c16c5d8f2acc2a2830a65"
url = "https://github.com/pre-commit/pre-commit/releases/download/v4.6.0/pre-commit-4.6.0.pyz"

[tools.pre-commit."platforms.macos-arm64"]
checksum = "sha256:ea8a0c84902e48c1875558f2f362ed8476773aa5fc8c16c5d8f2acc2a2830a65"
url = "https://github.com/pre-commit/pre-commit/releases/download/v4.6.0/pre-commit-4.6.0.pyz"

[tools.pre-commit."platforms.macos-x64"]
checksum = "sha256:ea8a0c84902e48c1875558f2f362ed8476773aa5fc8c16c5d8f2acc2a2830a65"
url = "https://github.com/pre-commit/pre-commit/releases/download/v4.6.0/pre-commit-4.6.0.pyz"

[tools.pre-commit."platforms.macos-x64-baseline"]
checksum = "sha256:ea8a0c84902e48c1875558f2f362ed8476773aa5fc8c16c5d8f2acc2a2830a65"
url = "https://github.com/pre-commit/pre-commit/releases/download/v4.6.0/pre-commit-4.6.0.pyz"

[[tools.python]]
version = "3.14.5"
backend = "core:python"

[tools.python."platforms.linux-arm64"]
checksum = "sha256:bea1aa66159eaf97ade1225e40b7060d709154da961aa37792bb8066d8f6af49"
url = "https://github.com/astral-sh/python-build-standalone/releases/download/20260510/cpython-3.14.5+20260510-aarch64-unknown-linux-gnu-install_only_stripped.tar.gz"
provenance = "github-attestations"

[tools.python."platforms.linux-arm64-musl"]
checksum = "sha256:011e29568c2a6ed64938fba0793ca6225c99bc4d804143a26875b5f9ee3fc7fa"
url = "https://github.com/astral-sh/python-build-standalone/releases/download/20260510/cpython-3.14.5+20260510-aarch64-unknown-linux-musl-install_only_stripped.tar.gz"
provenance = "github-attestations"

[tools.python."platforms.linux-x64"]
checksum = "sha256:dc10977b0db3bef1ee2275107fde6fe9c148135b556fa352e83c6baa67d17ed6"
url = "https://github.com/astral-sh/python-build-standalone/releases/download/20260510/cpython-3.14.5+20260510-x86_64-unknown-linux-gnu-install_only_stripped.tar.gz"
provenance = "github-attestations"

[tools.python."platforms.linux-x64-baseline"]
checksum = "sha256:dc10977b0db3bef1ee2275107fde6fe9c148135b556fa352e83c6baa67d17ed6"
url = "https://github.com/astral-sh/python-build-standalone/releases/download/20260510/cpython-3.14.5+20260510-x86_64-unknown-linux-gnu-install_only_stripped.tar.gz"
provenance = "github-attestations"

[tools.python."platforms.linux-x64-musl"]
checksum = "sha256:6bc02ce4575e5d5379f4533f3d3f77acfdfd5ccd9c4edf790fcdd84578a1df01"
url = "https://github.com/astral-sh/python-build-standalone/releases/download/20260510/cpython-3.14.5+20260510-x86_64-unknown-linux-musl-install_only_stripped.tar.gz"
provenance = "github-attestations"

[tools.python."platforms.linux-x64-musl-baseline"]
checksum = "sha256:6bc02ce4575e5d5379f4533f3d3f77acfdfd5ccd9c4edf790fcdd84578a1df01"
url = "https://github.com/astral-sh/python-build-standalone/releases/download/20260510/cpython-3.14.5+20260510-x86_64-unknown-linux-musl-install_only_stripped.tar.gz"
provenance = "github-attestations"

[tools.python."platforms.macos-arm64"]
checksum = "sha256:1bb0b3d45448dfe7e916dc62144cfd7d7a611dc6ccf05b8bb71662cc5c2a1ad2"
url = "https://github.com/astral-sh/python-build-standalone/releases/download/20260510/cpython-3.14.5+20260510-aarch64-apple-darwin-install_only_stripped.tar.gz"
provenance = "github-attestations"

[tools.python."platforms.macos-x64"]
checksum = "sha256:38662e526797db4e90b3381706b96821979fece0b536ac14b5c4e1a97e0590d5"
url = "https://github.com/astral-sh/python-build-standalone/releases/download/20260510/cpython-3.14.5+20260510-x86_64-apple-darwin-install_only_stripped.tar.gz"
provenance = "github-attestations"

[tools.python."platforms.macos-x64-baseline"]
checksum = "sha256:38662e526797db4e90b3381706b96821979fece0b536ac14b5c4e1a97e0590d5"
url = "https://github.com/astral-sh/python-build-standalone/releases/download/20260510/cpython-3.14.5+20260510-x86_64-apple-darwin-install_only_stripped.tar.gz"
provenance = "github-attestations"

[tools.python."platforms.windows-x64"]
checksum = "sha256:4d26ade49e9571ccb3bd1a88cfc72c52b11a9a9f6e204a57f38592aed137566a"
url = "https://github.com/astral-sh/python-build-standalone/releases/download/20260510/cpython-3.14.5+20260510-x86_64-pc-windows-msvc-install_only_stripped.tar.gz"
provenance = "github-attestations"

[tools.python."platforms.windows-x64-baseline"]
checksum = "sha256:4d26ade49e9571ccb3bd1a88cfc72c52b11a9a9f6e204a57f38592aed137566a"
url = "https://github.com/astral-sh/python-build-standalone/releases/download/20260510/cpython-3.14.5+20260510-x86_64-pc-windows-msvc-install_only_stripped.tar.gz"
provenance = "github-attestations"

[[tools.ruby]]
version = "3.4.5"
backend = "core:ruby"

[tools.ruby."platforms.linux-arm64"]
checksum = "sha256:6142eeaab7cdd5e4f8f9e55de9c85bb0328d4e62cc913d02b9d214a9b4f99a0c"
url = "https://github.com/jdx/ruby/releases/download/3.4.5-2/ruby-3.4.5.arm64_linux.tar.gz"
provenance = "github-attestations"

[tools.ruby."platforms.linux-arm64-musl"]
checksum = "sha256:6142eeaab7cdd5e4f8f9e55de9c85bb0328d4e62cc913d02b9d214a9b4f99a0c"
url = "https://github.com/jdx/ruby/releases/download/3.4.5-2/ruby-3.4.5.arm64_linux.tar.gz"
provenance = "github-attestations"

[tools.ruby."platforms.linux-x64"]
checksum = "sha256:670ee3de3c9edffd52731dd5f24a859066efb0ae114206c7779f46da643504bc"
url = "https://github.com/jdx/ruby/releases/download/3.4.5-2/ruby-3.4.5.x86_64_linux.tar.gz"
provenance = "github-attestations"

[tools.ruby."platforms.linux-x64-baseline"]
checksum = "sha256:670ee3de3c9edffd52731dd5f24a859066efb0ae114206c7779f46da643504bc"
url = "https://github.com/jdx/ruby/releases/download/3.4.5-2/ruby-3.4.5.x86_64_linux.tar.gz"
provenance = "github-attestations"

[tools.ruby."platforms.linux-x64-musl"]
checksum = "sha256:670ee3de3c9edffd52731dd5f24a859066efb0ae114206c7779f46da643504bc"
url = "https://github.com/jdx/ruby/releases/download/3.4.5-2/ruby-3.4.5.x86_64_linux.tar.gz"
provenance = "github-attestations"

[tools.ruby."platforms.linux-x64-musl-baseline"]
checksum = "sha256:670ee3de3c9edffd52731dd5f24a859066efb0ae114206c7779f46da643504bc"
url = "https://github.com/jdx/ruby/releases/download/3.4.5-2/ruby-3.4.5.x86_64_linux.tar.gz"
provenance = "github-attestations"

[tools.ruby."platforms.macos-arm64"]
checksum = "sha256:c1cec1a39f5cdb64d144d966f3a2676c69740d43a6e654938f45b0a78d85e7d9"
url = "https://github.com/jdx/ruby/releases/download/3.4.5-2/ruby-3.4.5.macos.tar.gz"
provenance = "github-attestations"

[tools.ruby."platforms.macos-x64"]
checksum = "sha256:1d88d8a27b442fdde4aa06dc99e86b0bbf0b288963d8433112dd5fac798fd5ee"
url = "https://cache.ruby-lang.org/pub/ruby/3.4/ruby-3.4.5.tar.gz"

[tools.ruby."platforms.macos-x64-baseline"]
checksum = "sha256:1d88d8a27b442fdde4aa06dc99e86b0bbf0b288963d8433112dd5fac798fd5ee"
url = "https://cache.ruby-lang.org/pub/ruby/3.4/ruby-3.4.5.tar.gz"

[tools.ruby."platforms.windows-x64"]
checksum = "sha256:61634b204f808deec191a6819e4c25c7b3005d84537b24c4fbe7c604aeece89f"
url = "https://github.com/oneclick/rubyinstaller2/releases/download/RubyInstaller-3.4.5-1/rubyinstaller-3.4.5-1-x64.7z"

[tools.ruby."platforms.windows-x64-baseline"]
checksum = "sha256:61634b204f808deec191a6819e4c25c7b3005d84537b24c4fbe7c604aeece89f"
url = "https://github.com/oneclick/rubyinstaller2/releases/download/RubyInstaller-3.4.5-1/rubyinstaller-3.4.5-1-x64.7z"

[[tools.vacuum]]
version = "0.26.4"
backend = "aqua:daveshanley/vacuum"

[tools.vacuum."platforms.linux-arm64"]
checksum = "sha256:d0f03a55a8a7c73a2cdc00a236eec12c2899e6209618c3f1e031000c4b3eb064"
url = "https://github.com/daveshanley/vacuum/releases/download/v0.26.4/vacuum_0.26.4_linux_arm64.tar.gz"

[tools.vacuum."platforms.linux-arm64-musl"]
checksum = "sha256:d0f03a55a8a7c73a2cdc00a236eec12c2899e6209618c3f1e031000c4b3eb064"
url = "https://github.com/daveshanley/vacuum/releases/download/v0.26.4/vacuum_0.26.4_linux_arm64.tar.gz"

[tools.vacuum."platforms.linux-x64"]
checksum = "sha256:e1c13c3ef2814a07f83bb22e465a94f202114db38267502e4fdf2b9f4dbeda92"
url = "https://github.com/daveshanley/vacuum/releases/download/v0.26.4/vacuum_0.26.4_linux_x86_64.tar.gz"

[tools.vacuum."platforms.linux-x64-baseline"]
checksum = "sha256:e1c13c3ef2814a07f83bb22e465a94f202114db38267502e4fdf2b9f4dbeda92"
url = "https://github.com/daveshanley/vacuum/releases/download/v0.26.4/vacuum_0.26.4_linux_x86_64.tar.gz"

[tools.vacuum."platforms.linux-x64-musl"]
checksum = "sha256:e1c13c3ef2814a07f83bb22e465a94f202114db38267502e4fdf2b9f4dbeda92"
url = "https://github.com/daveshanley/vacuum/releases/download/v0.26.4/vacuum_0.26.4_linux_x86_64.tar.gz"

[tools.vacuum."platforms.linux-x64-musl-baseline"]
checksum = "sha256:e1c13c3ef2814a07f83bb22e465a94f202114db38267502e4fdf2b9f4dbeda92"
url = "https://github.com/daveshanley/vacuum/releases/download/v0.26.4/vacuum_0.26.4_linux_x86_64.tar.gz"

[tools.vacuum."platforms.macos-arm64"]
checksum = "sha256:3f2cbce7d27bc24be29deb258ac9abca821de1792fbf6114e564d13b0298e7df"
url = "https://github.com/daveshanley/vacuum/releases/download/v0.26.4/vacuum_0.26.4_darwin_arm64.tar.gz"

[tools.vacuum."platforms.macos-x64"]
checksum = "sha256:6d0109bcc84055ca8b8ecd6a4a04ee59da52709a64e409b429bcd0fb74f4f8ca"
url = "https://github.com/daveshanley/vacuum/releases/download/v0.26.4/vacuum_0.26.4_darwin_x86_64.tar.gz"

[tools.vacuum."platforms.macos-x64-baseline"]
checksum = "sha256:6d0109bcc84055ca8b8ecd6a4a04ee59da52709a64e409b429bcd0fb74f4f8ca"
url = "https://github.com/daveshanley/vacuum/releases/download/v0.26.4/vacuum_0.26.4_darwin_x86_64.tar.gz"

[tools.vacuum."platforms.windows-x64"]
checksum = "sha256:f21c4227b0c64b574118877cfeb0f4465f8a19af60db49affb591daf3c7285ae"
url = "https://github.com/daveshanley/vacuum/releases/download/v0.26.4/vacuum_0.26.4_windows_x86_64.tar.gz"

[tools.vacuum."platforms.windows-x64-baseline"]
checksum = "sha256:f21c4227b0c64b574118877cfeb0f4465f8a19af60db49affb591daf3c7285ae"
url = "https://github.com/daveshanley/vacuum/releases/download/v0.26.4/vacuum_0.26.4_windows_x86_64.tar.gz"

[[tools.vale]]
version = "3.14.1"
backend = "aqua:errata-ai/vale"

[tools.vale."platforms.linux-arm64"]
checksum = "sha256:6a442a4ff1e67ff0beb08b608b039a38ab1f5bd6170afef903130a63831d1b2b"
url = "https://github.com/vale-cli/vale/releases/download/v3.14.1/vale_3.14.1_Linux_arm64.tar.gz"

[tools.vale."platforms.linux-arm64-musl"]
checksum = "sha256:6a442a4ff1e67ff0beb08b608b039a38ab1f5bd6170afef903130a63831d1b2b"
url = "https://github.com/vale-cli/vale/releases/download/v3.14.1/vale_3.14.1_Linux_arm64.tar.gz"

[tools.vale."platforms.linux-x64"]
checksum = "sha256:ff2b49ffaa9dcd246fd5008f03ff67746d2790b75bf4d3657e2fb9530fb96db3"
url = "https://github.com/vale-cli/vale/releases/download/v3.14.1/vale_3.14.1_Linux_64-bit.tar.gz"

[tools.vale."platforms.linux-x64-baseline"]
checksum = "sha256:ff2b49ffaa9dcd246fd5008f03ff67746d2790b75bf4d3657e2fb9530fb96db3"
url = "https://github.com/vale-cli/vale/releases/download/v3.14.1/vale_3.14.1_Linux_64-bit.tar.gz"

[tools.vale."platforms.linux-x64-musl"]
checksum = "sha256:ff2b49ffaa9dcd246fd5008f03ff67746d2790b75bf4d3657e2fb9530fb96db3"
url = "https://github.com/vale-cli/vale/releases/download/v3.14.1/vale_3.14.1_Linux_64-bit.tar.gz"

[tools.vale."platforms.linux-x64-musl-baseline"]
checksum = "sha256:ff2b49ffaa9dcd246fd5008f03ff67746d2790b75bf4d3657e2fb9530fb96db3"
url = "https://github.com/vale-cli/vale/releases/download/v3.14.1/vale_3.14.1_Linux_64-bit.tar.gz"

[tools.vale."platforms.macos-arm64"]
checksum = "sha256:1a4a0923f59b293d691bd901300cc4da50a6bbfd962503239b5efe9563e0bd8e"
url = "https://github.com/vale-cli/vale/releases/download/v3.14.1/vale_3.14.1_macOS_arm64.tar.gz"

[tools.vale."platforms.macos-x64"]
checksum = "sha256:98970ca11179b3166d7d7a10119d10121784cf6d4c40397ee065cbc1651d51d6"
url = "https://github.com/vale-cli/vale/releases/download/v3.14.1/vale_3.14.1_macOS_64-bit.tar.gz"

[tools.vale."platforms.macos-x64-baseline"]
checksum = "sha256:98970ca11179b3166d7d7a10119d10121784cf6d4c40397ee065cbc1651d51d6"
url = "https://github.com/vale-cli/vale/releases/download/v3.14.1/vale_3.14.1_macOS_64-bit.tar.gz"

[tools.vale."platforms.windows-x64"]
checksum = "sha256:e75228aa7eec07dab8875830c039d7d1216514793d0c46d95740a96dc2f96ae1"
url = "https://github.com/vale-cli/vale/releases/download/v3.14.1/vale_3.14.1_Windows_64-bit.zip"

[tools.vale."platforms.windows-x64-baseline"]
checksum = "sha256:e75228aa7eec07dab8875830c039d7d1216514793d0c46d95740a96dc2f96ae1"
url = "https://github.com/vale-cli/vale/releases/download/v3.14.1/vale_3.14.1_Windows_64-bit.zip"
