# @generated - this file is auto-generated by `mise lock` https://mise.jdx.dev/dev-tools/mise-lock.html

[[tools.actionlint]]
version = "1.7.11"
backend = "aqua:rhysd/actionlint"

[tools.actionlint."platforms.linux-x64"]
checksum = "sha256:900919a84f2229bac68ca9cd4103ea297abc35e9689ebb842c6e34a3d1b01b0a"
url = "https://github.com/rhysd/actionlint/releases/download/v1.7.11/actionlint_1.7.11_linux_amd64.tar.gz"

[tools.actionlint."platforms.macos-arm64"]
checksum = "sha256:a21ba7366d8329e7223faee0ed69eb13da27fe8acabb356bb7eb0b7f1e1cb6d8"
url = "https://github.com/rhysd/actionlint/releases/download/v1.7.11/actionlint_1.7.11_darwin_arm64.tar.gz"

[tools.actionlint."platforms.macos-x64"]
checksum = "sha256:17ffc17fed8f0258ef6ad4aed932d3272464c7ef7d64e1cb0d65aa97c9752107"
url = "https://github.com/rhysd/actionlint/releases/download/v1.7.11/actionlint_1.7.11_darwin_amd64.tar.gz"

[tools.actionlint."platforms.windows-x64"]
checksum = "sha256:5414b7124a91f4b5abee62e5c9d84802237734f8d15b9b7032732a32c3ebffa3"
url = "https://github.com/rhysd/actionlint/releases/download/v1.7.11/actionlint_1.7.11_windows_amd64.zip"

[[tools.bun]]
version = "1.3.10"
backend = "core:bun"

[tools.bun."platforms.linux-arm64"]
checksum = "sha256:fa5ecb25cafa8e8f5c87a0f833719d46dd0af0a86c7837d806531212d55636d3"
url = "https://github.com/oven-sh/bun/releases/download/bun-v1.3.10/bun-linux-aarch64.zip"

[tools.bun."platforms.linux-arm64-musl"]
checksum = "sha256:d2c81365a2e529b78a42330d3a0056e8dbd7896b4a6782c8e392b6532141e34d"
url = "https://github.com/oven-sh/bun/releases/download/bun-v1.3.10/bun-linux-aarch64-musl.zip"

[tools.bun."platforms.linux-x64"]
checksum = "sha256:f57bc0187e39623de716ba3a389fda5486b2d7be7131a980ba54dc7b733d2e08"
url = "https://github.com/oven-sh/bun/releases/download/bun-v1.3.10/bun-linux-x64.zip"

[tools.bun."platforms.linux-x64-baseline"]
checksum = "sha256:41201a8c5ee74a9dcbb1ce25a1104f1f929838b57a845aa78d98379b0ce7cde2"
url = "https://github.com/oven-sh/bun/releases/download/bun-v1.3.10/bun-linux-x64-baseline.zip"

[tools.bun."platforms.linux-x64-musl"]
checksum = "sha256:48a6c32277d343db0148ce066336472ffd380358a4d26bb1329714742492d824"
url = "https://github.com/oven-sh/bun/releases/download/bun-v1.3.10/bun-linux-x64-musl.zip"

[tools.bun."platforms.linux-x64-musl-baseline"]
checksum = "sha256:a7bc4cdea1ef255a83adbf39c7aafcd30e09f2b8f74deec4b10ee318bc024d1f"
url = "https://github.com/oven-sh/bun/releases/download/bun-v1.3.10/bun-linux-x64-musl-baseline.zip"

[tools.bun."platforms.macos-arm64"]
checksum = "sha256:82034e87c9d9b4398ea619aee2eed5d2a68c8157e9a6ae2d1052d84d533ccd8d"
url = "https://github.com/oven-sh/bun/releases/download/bun-v1.3.10/bun-darwin-aarch64.zip"

[tools.bun."platforms.macos-x64"]
checksum = "sha256:c1d90bf6140f20e572c473065dc6b37a4b036349b5e9e4133779cc642ad94323"
url = "https://github.com/oven-sh/bun/releases/download/bun-v1.3.10/bun-darwin-x64.zip"

[tools.bun."platforms.macos-x64-baseline"]
checksum = "sha256:f9686c4e4e760db4cde77a0f1fad05e552648b9c9cbfa4f7fc9a7ec26b9f3267"
url = "https://github.com/oven-sh/bun/releases/download/bun-v1.3.10/bun-darwin-x64-baseline.zip"

[tools.bun."platforms.windows-x64"]
checksum = "sha256:7a77b3e245e2e26965c93089a4a1332e8a326d3364c89fae1d1fd99cdd3cd73d"
url = "https://github.com/oven-sh/bun/releases/download/bun-v1.3.10/bun-windows-x64.zip"

[tools.bun."platforms.windows-x64-baseline"]
checksum = "sha256:715709c69b176e20994533d3292bd0b7c32de9c0c5575b916746ec6b2aa38346"
url = "https://github.com/oven-sh/bun/releases/download/bun-v1.3.10/bun-windows-x64-baseline.zip"

[[tools.docker-cli]]
version = "29.3.0"
backend = "aqua:docker/cli"

[tools.docker-cli."platforms.linux-arm64"]
url = "https://download.docker.com/linux/static/stable/aarch64/docker-29.3.0.tgz"

[tools.docker-cli."platforms.linux-arm64-musl"]
url = "https://download.docker.com/linux/static/stable/aarch64/docker-29.3.0.tgz"

[tools.docker-cli."platforms.linux-x64"]
url = "https://download.docker.com/linux/static/stable/x86_64/docker-29.3.0.tgz"

[tools.docker-cli."platforms.linux-x64-baseline"]
url = "https://download.docker.com/linux/static/stable/x86_64/docker-29.3.0.tgz"

[tools.docker-cli."platforms.linux-x64-musl"]
url = "https://download.docker.com/linux/static/stable/x86_64/docker-29.3.0.tgz"

[tools.docker-cli."platforms.linux-x64-musl-baseline"]
url = "https://download.docker.com/linux/static/stable/x86_64/docker-29.3.0.tgz"

[tools.docker-cli."platforms.macos-arm64"]
checksum = "blake3:e0f987762cbcb9fa7640f4a5f8b58e0e534442d48cc293b8023a81291906ccac"
url = "https://download.docker.com/mac/static/stable/aarch64/docker-29.3.0.tgz"

[tools.docker-cli."platforms.macos-x64"]
url = "https://download.docker.com/mac/static/stable/x86_64/docker-29.3.0.tgz"

[tools.docker-cli."platforms.macos-x64-baseline"]
url = "https://download.docker.com/mac/static/stable/x86_64/docker-29.3.0.tgz"

[tools.docker-cli."platforms.windows-x64"]
url = "https://download.docker.com/win/static/stable/x86_64/docker-29.3.0.zip"

[tools.docker-cli."platforms.windows-x64-baseline"]
url = "https://download.docker.com/win/static/stable/x86_64/docker-29.3.0.zip"

[[tools.docker-compose]]
version = "5.0.2"
backend = "aqua:docker/compose"

[tools.docker-compose."platforms.linux-arm64"]
checksum = "sha256:ac7810e0cd56a5b58576688196fafa843e07e8241fb91018a736d549ea20a3f3"
url = "https://github.com/docker/compose/releases/download/v5.0.2/docker-compose-linux-aarch64"

[tools.docker-compose."platforms.linux-arm64-musl"]
checksum = "sha256:ac7810e0cd56a5b58576688196fafa843e07e8241fb91018a736d549ea20a3f3"
url = "https://github.com/docker/compose/releases/download/v5.0.2/docker-compose-linux-aarch64"

[tools.docker-compose."platforms.linux-x64"]
checksum = "sha256:2d880f723d3da7c779c54fdaea91a842fca8af55d1397f1ed8d7cbab3dd7af67"
url = "https://github.com/docker/compose/releases/download/v5.0.2/docker-compose-linux-x86_64"

[tools.docker-compose."platforms.linux-x64-baseline"]
checksum = "sha256:2d880f723d3da7c779c54fdaea91a842fca8af55d1397f1ed8d7cbab3dd7af67"
url = "https://github.com/docker/compose/releases/download/v5.0.2/docker-compose-linux-x86_64"

[tools.docker-compose."platforms.linux-x64-musl"]
checksum = "sha256:2d880f723d3da7c779c54fdaea91a842fca8af55d1397f1ed8d7cbab3dd7af67"
url = "https://github.com/docker/compose/releases/download/v5.0.2/docker-compose-linux-x86_64"

[tools.docker-compose."platforms.linux-x64-musl-baseline"]
checksum = "sha256:2d880f723d3da7c779c54fdaea91a842fca8af55d1397f1ed8d7cbab3dd7af67"
url = "https://github.com/docker/compose/releases/download/v5.0.2/docker-compose-linux-x86_64"

[tools.docker-compose."platforms.macos-arm64"]
checksum = "sha256:72c7e684a1944cfb1765358d7ea7822cd209f25208ca235b914e761d9abb224e"
url = "https://github.com/docker/compose/releases/download/v5.0.2/docker-compose-darwin-aarch64"

[tools.docker-compose."platforms.macos-x64"]
checksum = "sha256:766d6f9b305d89c3b8fe88cb6fb207fd7f531fbd63982b6136d058c1f98767bd"
url = "https://github.com/docker/compose/releases/download/v5.0.2/docker-compose-darwin-x86_64"

[tools.docker-compose."platforms.macos-x64-baseline"]
checksum = "sha256:766d6f9b305d89c3b8fe88cb6fb207fd7f531fbd63982b6136d058c1f98767bd"
url = "https://github.com/docker/compose/releases/download/v5.0.2/docker-compose-darwin-x86_64"

[tools.docker-compose."platforms.windows-x64"]
checksum = "sha256:e6281c7b906eafe8f39114e735f11fc276d8cce2cba93a54911ca15337ba6c49"
url = "https://github.com/docker/compose/releases/download/v5.0.2/docker-compose-windows-x86_64.exe"

[tools.docker-compose."platforms.windows-x64-baseline"]
checksum = "sha256:e6281c7b906eafe8f39114e735f11fc276d8cce2cba93a54911ca15337ba6c49"
url = "https://github.com/docker/compose/releases/download/v5.0.2/docker-compose-windows-x86_64.exe"

[[tools."gem:rails"]]
version = "8.1.2"
backend = "gem:rails"

[[tools."gem:rubocop"]]
version = "1.85.1"
backend = "gem:rubocop"

[[tools.git-cliff]]
version = "2.12.0"
backend = "aqua:orhun/git-cliff"

[tools.git-cliff."platforms.linux-x64"]
checksum = "sha256:c89a7bc55f3c51f391938aa3fa560125109695c1930d927879daea68dd786420"
url = "https://github.com/orhun/git-cliff/releases/download/v2.12.0/git-cliff-2.12.0-x86_64-unknown-linux-musl.tar.gz"

[tools.git-cliff."platforms.macos-arm64"]
checksum = "sha256:2ae72a0061bee98d0e375f2ea8e0f4b23b4915ac2e37fa45a705066de49b43a0"
url = "https://github.com/orhun/git-cliff/releases/download/v2.12.0/git-cliff-2.12.0-aarch64-apple-darwin.tar.gz"

[tools.git-cliff."platforms.macos-x64"]
checksum = "sha256:fd4bce35ea8a6f3af6ac4891073781ca24c654c36c83c865bc30bab332c05a14"
url = "https://github.com/orhun/git-cliff/releases/download/v2.12.0/git-cliff-2.12.0-x86_64-apple-darwin.tar.gz"

[tools.git-cliff."platforms.windows-x64"]
checksum = "sha256:f2b8c692d9488c3313d7786e2099976151c10fd8f76580b12d045bb9683a8379"
url = "https://github.com/orhun/git-cliff/releases/download/v2.12.0/git-cliff-2.12.0-x86_64-pc-windows-msvc.zip"

[[tools.just]]
version = "1.46.0"
backend = "aqua:casey/just"

[tools.just."platforms.linux-x64"]
checksum = "sha256:79966e6e353f535ee7d1c6221641bcc8e3381c55b0d0a6dc6e54b34f9db36eaa"
url = "https://github.com/casey/just/releases/download/1.46.0/just-1.46.0-x86_64-unknown-linux-musl.tar.gz"

[tools.just."platforms.macos-arm64"]
checksum = "sha256:438eaf6468a115aa7db93e501cc7e3272f453f6b7083be3863adfab546b23358"
url = "https://github.com/casey/just/releases/download/1.46.0/just-1.46.0-aarch64-apple-darwin.tar.gz"

[tools.just."platforms.macos-x64"]
checksum = "sha256:ec54dd60ac876261b7318f1852ef9c0319fede1e5a73c14f56d908a8edf595b8"
url = "https://github.com/casey/just/releases/download/1.46.0/just-1.46.0-x86_64-apple-darwin.tar.gz"

[tools.just."platforms.windows-x64"]
checksum = "sha256:f0acf3f8ccbcf360b481baae9cae4c921774c89d5d932012481d3e0bda78ab39"
url = "https://github.com/casey/just/releases/download/1.46.0/just-1.46.0-x86_64-pc-windows-msvc.zip"

[[tools.markdownlint-cli2]]
version = "0.21.0"
backend = "npm:markdownlint-cli2"

[[tools.oxlint]]
version = "1.51.0"
backend = "npm:oxlint"

[[tools.pre-commit]]
version = "4.5.1"
backend = "aqua:pre-commit/pre-commit"

[tools.pre-commit."platforms.linux-arm64"]
checksum = "sha256:19d00ba35cbf9c04dc3736cd8bb641e8633f3eddd4cedde71809574ae68a2cd1"
url = "https://github.com/pre-commit/pre-commit/releases/download/v4.5.1/pre-commit-4.5.1.pyz"

[tools.pre-commit."platforms.linux-arm64-musl"]
checksum = "sha256:19d00ba35cbf9c04dc3736cd8bb641e8633f3eddd4cedde71809574ae68a2cd1"
url = "https://github.com/pre-commit/pre-commit/releases/download/v4.5.1/pre-commit-4.5.1.pyz"

[tools.pre-commit."platforms.linux-x64"]
checksum = "sha256:19d00ba35cbf9c04dc3736cd8bb641e8633f3eddd4cedde71809574ae68a2cd1"
url = "https://github.com/pre-commit/pre-commit/releases/download/v4.5.1/pre-commit-4.5.1.pyz"

[tools.pre-commit."platforms.linux-x64-baseline"]
checksum = "sha256:19d00ba35cbf9c04dc3736cd8bb641e8633f3eddd4cedde71809574ae68a2cd1"
url = "https://github.com/pre-commit/pre-commit/releases/download/v4.5.1/pre-commit-4.5.1.pyz"

[tools.pre-commit."platforms.linux-x64-musl"]
checksum = "sha256:19d00ba35cbf9c04dc3736cd8bb641e8633f3eddd4cedde71809574ae68a2cd1"
url = "https://github.com/pre-commit/pre-commit/releases/download/v4.5.1/pre-commit-4.5.1.pyz"

[tools.pre-commit."platforms.linux-x64-musl-baseline"]
checksum = "sha256:19d00ba35cbf9c04dc3736cd8bb641e8633f3eddd4cedde71809574ae68a2cd1"
url = "https://github.com/pre-commit/pre-commit/releases/download/v4.5.1/pre-commit-4.5.1.pyz"

[tools.pre-commit."platforms.macos-arm64"]
checksum = "sha256:19d00ba35cbf9c04dc3736cd8bb641e8633f3eddd4cedde71809574ae68a2cd1"
url = "https://github.com/pre-commit/pre-commit/releases/download/v4.5.1/pre-commit-4.5.1.pyz"

[tools.pre-commit."platforms.macos-x64"]
checksum = "sha256:19d00ba35cbf9c04dc3736cd8bb641e8633f3eddd4cedde71809574ae68a2cd1"
url = "https://github.com/pre-commit/pre-commit/releases/download/v4.5.1/pre-commit-4.5.1.pyz"

[tools.pre-commit."platforms.macos-x64-baseline"]
checksum = "sha256:19d00ba35cbf9c04dc3736cd8bb641e8633f3eddd4cedde71809574ae68a2cd1"
url = "https://github.com/pre-commit/pre-commit/releases/download/v4.5.1/pre-commit-4.5.1.pyz"

[tools.pre-commit."platforms.windows-x64"]
checksum = "sha256:19d00ba35cbf9c04dc3736cd8bb641e8633f3eddd4cedde71809574ae68a2cd1"
url = "https://github.com/pre-commit/pre-commit/releases/download/v4.5.1/pre-commit-4.5.1.pyz"

[tools.pre-commit."platforms.windows-x64-baseline"]
checksum = "sha256:19d00ba35cbf9c04dc3736cd8bb641e8633f3eddd4cedde71809574ae68a2cd1"
url = "https://github.com/pre-commit/pre-commit/releases/download/v4.5.1/pre-commit-4.5.1.pyz"

[[tools.python]]
version = "3.14.3"
backend = "core:python"

[tools.python."platforms.linux-arm64"]
checksum = "sha256:e9b0aef9baafb6b9e7a4d47b82d6d9778eeafb2c95d23fb5247d3a5f8e52c5a5"
url = "https://github.com/astral-sh/python-build-standalone/releases/download/20260211/cpython-3.14.3+20260211-aarch64-unknown-linux-gnu-install_only_stripped.tar.gz"

[tools.python."platforms.linux-arm64-musl"]
checksum = "sha256:e9b0aef9baafb6b9e7a4d47b82d6d9778eeafb2c95d23fb5247d3a5f8e52c5a5"
url = "https://github.com/astral-sh/python-build-standalone/releases/download/20260211/cpython-3.14.3+20260211-aarch64-unknown-linux-gnu-install_only_stripped.tar.gz"

[tools.python."platforms.linux-x64"]
checksum = "sha256:0a73413f89efd417871876c9accaab28a9d1e3cd6358fbfff171a38ec99302f0"
url = "https://github.com/astral-sh/python-build-standalone/releases/download/20260303/cpython-3.14.3+20260303-x86_64-unknown-linux-gnu-install_only_stripped.tar.gz"

[tools.python."platforms.linux-x64-baseline"]
checksum = "sha256:759457004082459a402f369225b82565d88ca8257d9fd11c642a1c76ab0cb1cc"
url = "https://github.com/astral-sh/python-build-standalone/releases/download/20260211/cpython-3.14.3+20260211-x86_64-unknown-linux-gnu-install_only_stripped.tar.gz"

[tools.python."platforms.linux-x64-musl"]
checksum = "sha256:759457004082459a402f369225b82565d88ca8257d9fd11c642a1c76ab0cb1cc"
url = "https://github.com/astral-sh/python-build-standalone/releases/download/20260211/cpython-3.14.3+20260211-x86_64-unknown-linux-gnu-install_only_stripped.tar.gz"

[tools.python."platforms.linux-x64-musl-baseline"]
checksum = "sha256:759457004082459a402f369225b82565d88ca8257d9fd11c642a1c76ab0cb1cc"
url = "https://github.com/astral-sh/python-build-standalone/releases/download/20260211/cpython-3.14.3+20260211-x86_64-unknown-linux-gnu-install_only_stripped.tar.gz"

[tools.python."platforms.macos-arm64"]
checksum = "sha256:4703cdf18b26798fde7b49b6b66149674c25f97127be6a10dbcf29309bdcdcdb"
url = "https://github.com/astral-sh/python-build-standalone/releases/download/20260303/cpython-3.14.3+20260303-aarch64-apple-darwin-install_only_stripped.tar.gz"

[tools.python."platforms.macos-x64"]
checksum = "sha256:76f1cc26e3d262eae8ca546a93e8bded10cf0323613f7e246fea2e10a8115eb7"
url = "https://github.com/astral-sh/python-build-standalone/releases/download/20260303/cpython-3.14.3+20260303-x86_64-apple-darwin-install_only_stripped.tar.gz"

[tools.python."platforms.macos-x64-baseline"]
checksum = "sha256:107c71b272b5eeecd7b7b607c4fac0796b0f221bc3391e6155a349789cc7eb17"
url = "https://github.com/astral-sh/python-build-standalone/releases/download/20260211/cpython-3.14.3+20260211-x86_64-apple-darwin-install_only_stripped.tar.gz"

[tools.python."platforms.windows-x64"]
checksum = "sha256:950c5f21a015c1bdd1337f233456df2470fab71e4d794407d27a84cb8b9909a0"
url = "https://github.com/astral-sh/python-build-standalone/releases/download/20260303/cpython-3.14.3+20260303-x86_64-pc-windows-msvc-install_only_stripped.tar.gz"

[tools.python."platforms.windows-x64-baseline"]
checksum = "sha256:dc5feea0e16807e7c7b2d20af3f2c18c7153f9cbd4b54063172553fda60c5a1f"
url = "https://github.com/astral-sh/python-build-standalone/releases/download/20260211/cpython-3.14.3+20260211-x86_64-pc-windows-msvc-install_only_stripped.tar.gz"

[[tools.ruby]]
version = "4.0.1"
backend = "core:ruby"

[tools.ruby."platforms.linux-arm64"]
checksum = "sha256:59f6f03b5113afac408248c7b762a8a4d8bbe223917ef3cc56614d061e296f92"
url = "https://github.com/jdx/ruby/releases/download/4.0.1/ruby-4.0.1.arm64_linux.tar.gz"
provenance = "github-attestations"

[tools.ruby."platforms.linux-arm64-musl"]
checksum = "sha256:59f6f03b5113afac408248c7b762a8a4d8bbe223917ef3cc56614d061e296f92"
url = "https://github.com/jdx/ruby/releases/download/4.0.1/ruby-4.0.1.arm64_linux.tar.gz"
provenance = "github-attestations"

[tools.ruby."platforms.linux-x64"]
checksum = "sha256:df9793cc730f782273fb17c70bc205f724fd2e127e95c0c059ae198705110b98"
url = "https://github.com/jdx/ruby/releases/download/4.0.1/ruby-4.0.1.x86_64_linux.tar.gz"
provenance = "github-attestations"

[tools.ruby."platforms.linux-x64-baseline"]
checksum = "sha256:df9793cc730f782273fb17c70bc205f724fd2e127e95c0c059ae198705110b98"
url = "https://github.com/jdx/ruby/releases/download/4.0.1/ruby-4.0.1.x86_64_linux.tar.gz"
provenance = "github-attestations"

[tools.ruby."platforms.linux-x64-musl"]
checksum = "sha256:df9793cc730f782273fb17c70bc205f724fd2e127e95c0c059ae198705110b98"
url = "https://github.com/jdx/ruby/releases/download/4.0.1/ruby-4.0.1.x86_64_linux.tar.gz"
provenance = "github-attestations"

[tools.ruby."platforms.linux-x64-musl-baseline"]
checksum = "sha256:df9793cc730f782273fb17c70bc205f724fd2e127e95c0c059ae198705110b98"
url = "https://github.com/jdx/ruby/releases/download/4.0.1/ruby-4.0.1.x86_64_linux.tar.gz"
provenance = "github-attestations"

[tools.ruby."platforms.macos-arm64"]
checksum = "sha256:d5fd316eabcbe58e33be6b44125c7b22f87da90bae0d7e28ffc6be34abe1476e"
url = "https://github.com/jdx/ruby/releases/download/4.0.1/ruby-4.0.1.macos.tar.gz"
provenance = "github-attestations"

[tools.ruby."platforms.macos-x64"]
checksum = "sha256:3924be2d05db30f4e35f859bf028be85f4b7dd01714142fd823e4af5de2faf9d"
url = "https://cache.ruby-lang.org/pub/ruby/4.0/ruby-4.0.1.tar.gz"

[tools.ruby."platforms.macos-x64-baseline"]
checksum = "sha256:3924be2d05db30f4e35f859bf028be85f4b7dd01714142fd823e4af5de2faf9d"
url = "https://cache.ruby-lang.org/pub/ruby/4.0/ruby-4.0.1.tar.gz"

[tools.ruby."platforms.windows-x64"]
checksum = "sha256:45cd5ac6aa0fdd976acbc0b0c768e38e8f5357b1b07d2c803cccafd7de758fb1"
url = "https://github.com/oneclick/rubyinstaller2/releases/download/RubyInstaller-4.0.1-1/rubyinstaller-4.0.1-1-x64.7z"

[tools.ruby."platforms.windows-x64-baseline"]
checksum = "sha256:45cd5ac6aa0fdd976acbc0b0c768e38e8f5357b1b07d2c803cccafd7de758fb1"
url = "https://github.com/oneclick/rubyinstaller2/releases/download/RubyInstaller-4.0.1-1/rubyinstaller-4.0.1-1-x64.7z"

[[tools.vacuum]]
version = "0.24.0"
backend = "aqua:daveshanley/vacuum"

[tools.vacuum."platforms.linux-arm64"]
checksum = "sha256:626a31d19ab21c90b74cedcadfd9198e2b193fdb4bf009481b93c0fbf7b33a6d"
url = "https://github.com/daveshanley/vacuum/releases/download/v0.24.0/vacuum_0.24.0_linux_arm64.tar.gz"

[tools.vacuum."platforms.linux-arm64-musl"]
checksum = "sha256:626a31d19ab21c90b74cedcadfd9198e2b193fdb4bf009481b93c0fbf7b33a6d"
url = "https://github.com/daveshanley/vacuum/releases/download/v0.24.0/vacuum_0.24.0_linux_arm64.tar.gz"

[tools.vacuum."platforms.linux-x64"]
checksum = "sha256:5c181e7a057e39dd6a15b9c7673d1c1e16767536be35c0001f54988636f32148"
url = "https://github.com/daveshanley/vacuum/releases/download/v0.24.0/vacuum_0.24.0_linux_x86_64.tar.gz"

[tools.vacuum."platforms.linux-x64-baseline"]
checksum = "sha256:5c181e7a057e39dd6a15b9c7673d1c1e16767536be35c0001f54988636f32148"
url = "https://github.com/daveshanley/vacuum/releases/download/v0.24.0/vacuum_0.24.0_linux_x86_64.tar.gz"

[tools.vacuum."platforms.linux-x64-musl"]
checksum = "sha256:5c181e7a057e39dd6a15b9c7673d1c1e16767536be35c0001f54988636f32148"
url = "https://github.com/daveshanley/vacuum/releases/download/v0.24.0/vacuum_0.24.0_linux_x86_64.tar.gz"

[tools.vacuum."platforms.linux-x64-musl-baseline"]
checksum = "sha256:5c181e7a057e39dd6a15b9c7673d1c1e16767536be35c0001f54988636f32148"
url = "https://github.com/daveshanley/vacuum/releases/download/v0.24.0/vacuum_0.24.0_linux_x86_64.tar.gz"

[tools.vacuum."platforms.macos-arm64"]
checksum = "sha256:133a08a5d0489f5d88d5312117a1a659d795c1777e4226e7c5a05dec2f77a8ab"
url = "https://github.com/daveshanley/vacuum/releases/download/v0.24.0/vacuum_0.24.0_darwin_arm64.tar.gz"

[tools.vacuum."platforms.macos-x64"]
checksum = "sha256:64e00d9a0c2ca88683a9f76a4e2de20faec4fdf1c69271f38251fdfcbe1724aa"
url = "https://github.com/daveshanley/vacuum/releases/download/v0.24.0/vacuum_0.24.0_darwin_x86_64.tar.gz"

[tools.vacuum."platforms.macos-x64-baseline"]
checksum = "sha256:64e00d9a0c2ca88683a9f76a4e2de20faec4fdf1c69271f38251fdfcbe1724aa"
url = "https://github.com/daveshanley/vacuum/releases/download/v0.24.0/vacuum_0.24.0_darwin_x86_64.tar.gz"

[tools.vacuum."platforms.windows-x64"]
checksum = "sha256:1430f9f535a615fc4e87aa7e800f5c741fe7f48c8843371f0aa9376ce20f7be8"
url = "https://github.com/daveshanley/vacuum/releases/download/v0.24.0/vacuum_0.24.0_windows_x86_64.tar.gz"

[tools.vacuum."platforms.windows-x64-baseline"]
checksum = "sha256:1430f9f535a615fc4e87aa7e800f5c741fe7f48c8843371f0aa9376ce20f7be8"
url = "https://github.com/daveshanley/vacuum/releases/download/v0.24.0/vacuum_0.24.0_windows_x86_64.tar.gz"

[[tools.vale]]
version = "3.13.1"
backend = "aqua:errata-ai/vale"

[tools.vale."platforms.linux-x64"]
checksum = "sha256:99bd899f0ac52054444ffe3df571c749cc811f3b606cf5ef740c9a5a2db33df6"
url = "https://github.com/errata-ai/vale/releases/download/v3.13.1/vale_3.13.1_Linux_64-bit.tar.gz"

[tools.vale."platforms.macos-arm64"]
checksum = "sha256:b614dfde6324eec403ac540cbcd47132960f8ebe9c21ef0e2352da9b19808689"
url = "https://github.com/errata-ai/vale/releases/download/v3.13.1/vale_3.13.1_macOS_arm64.tar.gz"

[tools.vale."platforms.macos-x64"]
checksum = "sha256:bbc3a94f3e6640b8a8d6e349142cbe3d0f597e6a673fcad5de4ae9dc88e5c7e1"
url = "https://github.com/errata-ai/vale/releases/download/v3.13.1/vale_3.13.1_macOS_64-bit.tar.gz"

[tools.vale."platforms.windows-x64"]
checksum = "sha256:cdf83d17277e097b84e34a550c8dd6b870c582c3022caecc4b6b363352dd491c"
url = "https://github.com/errata-ai/vale/releases/download/v3.13.1/vale_3.13.1_Windows_64-bit.zip"
